version = 1
revision = 3
requires-python = ">=3.14"

[[package]]
name = "expression"
version = "5.6.0"
source = { registry = "https://pypi.org/simple" }
dependencies = [
    { name = "typing-extensions" },
]
sdist = { url = "https://files.pythonhosted.org/packages/43/c7/bb061623b5815566bda69f5e9d156e38a97ebb383b8db3d2dedb26415466/expression-5.6.0.tar.gz", hash = "sha256:454f6fe138347194a43c7f878d958efe9b84b9cc770e462010c7a52e18058065", size = 59147, upload-time = "2025-02-19T09:37:37.432Z" }
wheels = [
    { url = "https://files.pythonhosted.org/packages/6b/a2/656b8bebe495117342a8676ccabf52b3885ce11a856c8dfe1fbbdc250d2d/expression-5.6.0-py3-none-any.whl", hash = "sha256:f5c62e38186c9287e088dee9cf3939b0bbde21cb4c59571872154a53d33dd7c0", size = 69673, upload-time = "2025-02-19T09:37:35.476Z" },
]

[[package]]
name = "minimatic"
version = "0.1.0"
source = { virtual = "." }
dependencies = [
    { name = "expression" },
]

[package.metadata]
requires-dist = [{ name = "expression", specifier = ">=5.6.0" }]

[[package]]
name = "typing-extensions"
version = "4.15.0"
source = { registry = "https://pypi.org/simple" }
sdist = { url = "https://files.pythonhosted.org/packages/72/94/1a15dd82efb362ac84269196e94cf00f187f7ed21c242792a923cdb1c61f/typing_extensions-4.15.0.tar.gz", hash = "sha256:0cea48d173cc12fa28ecabc3b837ea3cf6f38c6d1136f85cbaaf598984861466", size = 109391, upload-time = "2025-08-25T13:49:26.313Z" }
wheels = [
    { url = "https://files.pythonhosted.org/packages/18/67/36e9267722cc04a6b9f15c7f3441c2363321a3ea07da7ae0c0707beb2a9c/typing_extensions-4.15.0-py3-none-any.whl", hash = "sha256:f0fa19c6845758ab08074a0cfa8b7aecb71c999ca73d62883bc25cc018c4e548", size = 44614, upload-time = "2025-08-25T13:49:24.86Z" },
]
